{
  "name": "backend",
  "version": "0.0.0",
  "lockfileVersion": 3,
  "requires": true,
  "packages": {
    "": {
      "name": "backend",
      "version": "0.0.0",
      "dependencies": {
        "csv-parse": "^6.1.0",
        "shpjs": "^6.2.0",
        "sql.js": "^1.14.1",
        "topojson-client": "^3.1.0",
        "topojson-server": "^3.0.1"
      }
    },
    "node_modules/but-unzip": {
      "version": "0.1.10",
      "resolved": "https://registry.npmjs.org/but-unzip/-/but-unzip-0.1.10.tgz",
      "integrity": "sha512-hLfQ9WlUimmv/okzsRl6AYG3Ew5HNWhWgUslSR93FsDdeL0MAoQvmC/BJfs35lqEAO5t/QD7Y4vCFcPJtijt3A==",
      "license": "Apache-2.0"
    },
    "node_modules/commander": {
      "version": "2.20.3",
      "resolved": "https://registry.npmjs.org/commander/-/commander-2.20.3.tgz",
      "integrity": "sha512-GpVkmM8vF2vQUkj2LvZmD35JxeJOLCwJ9cUkugyk2nuhbv3+mJvpLYYt+0+USMxE+oj+ey/lJEnhZw75x/OMcQ==",
      "license": "MIT"
    },
    "node_modules/csv-parse": {
      "version": "6.1.0",
      "resolved": "https://registry.npmjs.org/csv-parse/-/csv-parse-6.1.0.tgz",
      "integrity": "sha512-CEE+jwpgLn+MmtCpVcPtiCZpVtB6Z2OKPTr34pycYYoL7sxdOkXDdQ4lRiw6ioC0q6BLqhc6cKweCVvral8yhw==",
      "license": "MIT"
    },
    "node_modules/mgrs": {
      "version": "1.0.0",
      "resolved": "https://registry.npmjs.org/mgrs/-/mgrs-1.0.0.tgz",
      "integrity": "sha512-awNbTOqCxK1DBGjalK3xqWIstBZgN6fxsMSiXLs9/spqWkF2pAhb2rrYCFSsr1/tT7PhcDGjZndG8SWYn0byYA==",
      "license": "MIT"
    },
    "node_modules/parsedbf": {
      "version": "2.0.0",
      "resolved": "https://registry.npmjs.org/parsedbf/-/parsedbf-2.0.0.tgz",
      "integrity": "sha512-WNjKn/cwgGBkXqQLif+2VMEahcRHkBRU0/RfBWZ7Vj7snRNNW63yW1mVuuHRDyXTRxuGCzAHHBcr/Fn+U/bXjQ==",
      "license": "MIT"
    },
    "node_modules/proj4": {
      "version": "2.20.4",
      "resolved": "https://registry.npmjs.org/proj4/-/proj4-2.20.4.tgz",
      "integrity": "sha512-/EEBoXjBw+zW1Lofinw0YFQ4OFOqC6XThnwRAgjEHw8WBN+wSy/6aeqRRdjy4b2igy3X0k3RNDuwcYqcQq7nDw==",
      "license": "MIT",
      "dependencies": {
        "mgrs": "1.0.0",
        "wkt-parser": "^1.5.3"
      },
      "funding": {
        "url": "https://github.com/sponsors/ahocevar"
      }
    },
    "node_modules/shpjs": {
      "version": "6.2.0",
      "resolved": "https://registry.npmjs.org/shpjs/-/shpjs-6.2.0.tgz",
      "integrity": "sha512-8cR/RKYHQepmVyBMtzZQ+1bnSbWrtLXS6aoEJmpUlOSHtSUddterebVxYmIWq2g9kOEX9jm2kjHiikyPX7cNQA==",
      "license": "MIT",
      "dependencies": {
        "but-unzip": "^0.1.4",
        "parsedbf": "^2.0.0",
        "proj4": "^2.1.4"
      }
    },
    "node_modules/sql.js": {
      "version": "1.14.1",
      "resolved": "https://registry.npmjs.org/sql.js/-/sql.js-1.14.1.tgz",
      "integrity": "sha512-gcj8zBWU5cFsi9WUP+4bFNXAyF1iRpA3LLyS/DP5xlrNzGmPIizUeBggKa8DbDwdqaKwUcTEnChtd2grWo/x/A==",
      "license": "MIT"
    },
    "node_modules/topojson-client": {
      "version": "3.1.0",
      "resolved": "https://registry.npmjs.org/topojson-client/-/topojson-client-3.1.0.tgz",
      "integrity": "sha512-605uxS6bcYxGXw9qi62XyrV6Q3xwbndjachmNxu8HWTtVPxZfEJN9fd/SZS1Q54Sn2y0TMyMxFj/cJINqGHrKw==",
      "license": "ISC",
      "dependencies": {
        "commander": "2"
      },
      "bin": {
        "topo2geo": "bin/topo2geo",
        "topomerge": "bin/topomerge",
        "topoquantize": "bin/topoquantize"
      }
    },
    "node_modules/topojson-server": {
      "version": "3.0.1",
      "resolved": "https://registry.npmjs.org/topojson-server/-/topojson-server-3.0.1.tgz",
      "integrity": "sha512-/VS9j/ffKr2XAOjlZ9CgyyeLmgJ9dMwq6Y0YEON8O7p/tGGk+dCWnrE03zEdu7i4L7YsFZLEPZPzCvcB7lEEXw==",
      "license": "ISC",
      "dependencies": {
        "commander": "2"
      },
      "bin": {
        "geo2topo": "bin/geo2topo"
      }
    },
    "node_modules/wkt-parser": {
      "version": "1.5.3",
      "resolved": "https://registry.npmjs.org/wkt-parser/-/wkt-parser-1.5.3.tgz",
      "integrity": "sha512-myla+RrMj+WTlnHc8Y4HEwjBcBF9dqJ3vjff/zmlrn9V3OKOM1mZVIyNjlPEmOM9Jjr/PPut0tnaTs9NyHcK8Q==",
      "license": "MIT"
    }
  }
}
